{
    "_meta": {
        "hash": {
            "sha256": "bf5044d1c3b121c4f914a680488f733b6e6b37acb9c2c3a8e047d68ceceb9b91"
        },
        "pipfile-spec": 6,
        "requires": {
            "python_version": "3.8"
        },
        "sources": [
            {
                "name": "pypi",
                "url": "https://mirrors.aliyun.com/pypi/simple/",
                "verify_ssl": true
            }
        ]
    },
    "default": {
        "aiohttp": {
            "hashes": [
                "sha256:04d48b8ce6ab3cf2097b1855e1505181bdd05586ca275f2505514a6e274e8e75",
                "sha256:fc5471e1a54de15ef71c1bc6ebe80d4dc681ea600e68bfd1cbce40427f0b7578"
            ],
            "index": "pypi",
            "version": "==3.8.1"
        },
        "aiosignal": {
            "hashes": [
                "sha256:26e62109036cd181df6e6ad646f91f0dcfd05fe16d0cb924138ff2ab75d64e3a",
                "sha256:78ed67db6c7b7ced4f98e495e572106d5c432a93e1ddd1bf475e1dc05f5b7df2"
            ],
            "markers": "python_version >= '3.6'",
            "version": "==1.2.0"
        },
        "async-timeout": {
            "hashes": [
                "sha256:a22c0b311af23337eb05fcf05a8b51c3ea53729d46fb5460af62bee033cec690",
                "sha256:b930cb161a39042f9222f6efb7301399c87eeab394727ec5437924a36d6eef51"
            ],
            "markers": "python_version >= '3.6'",
            "version": "==4.0.1"
        },
        "attrs": {
            "hashes": [
                "sha256:149e90d6d8ac20db7a955ad60cf0e6881a3f20d37096140088356da6c716b0b1",
                "sha256:ef6aaac3ca6cd92904cdd0d83f629a15f18053ec84e6432106f7a4d04ae4f5fb"
            ],
            "markers": "python_version >= '2.7' and python_version not in '3.0, 3.1, 3.2, 3.3, 3.4'",
            "version": "==21.2.0"
        },
        "charset-normalizer": {
            "hashes": [
                "sha256:1eecaa09422db5be9e29d7fc65664e6c33bd06f9ced7838578ba40d58bdf3721",
                "sha256:b0b883e8e874edfdece9c28f314e3dd5badf067342e42fb162203335ae61aa2c"
            ],
            "markers": "python_version >= '3.5'",
            "version": "==2.0.9"
        },
        "frozenlist": {
            "hashes": [
                "sha256:0a7c7cce70e41bc13d7d50f0e5dd175f14a4f1837a8549b0936ed0cbe6170bf9",
                "sha256:68201be60ac56aff972dc18085800b6ee07973c49103a8aba669dee3d71079de"
            ],
            "markers": "python_version >= '3.6'",
            "version": "==1.2.0"
        },
        "idna": {
            "hashes": [
                "sha256:84d9dd047ffa80596e0f246e2eab0b391788b0503584e8945f2368256d2735ff",
                "sha256:9d643ff0a55b762d5cdb124b8eaa99c66322e2157b69160bc32796e824360e6d"
            ],
            "markers": "python_version >= '3.5'",
            "version": "==3.3"
        },
        "multidict": {
            "hashes": [
                "sha256:0dd1c93edb444b33ba2274b66f63def8a327d607c6c790772f448a53b6ea59ce",
                "sha256:f19001e790013ed580abfde2a4465388950728861b52f0da73e8e8a9418533c0"
            ],
            "markers": "python_version >= '3.6'",
            "version": "==5.2.0"
        },
        "pycryptodome": {
            "hashes": [
                "sha256:12c7343aec5a3b3df5c47265281b12b611f26ec9367b6129199d67da54b768c1",
                "sha256:212c7f7fe11cad9275fbcff50ca977f1c6643f13560d081e7b0f70596df447b8"
            ],
            "index": "pypi",
            "version": "==3.12.0"
        },
        "typing-extensions": {
            "hashes": [
                "sha256:4ca091dea149f945ec56afb48dae714f21e8692ef22a395223bcd328961b6a0e",
                "sha256:7f001e5ac290a0c0401508864c7ec868be4e701886d5b573a9528ed3973d9d3b"
            ],
            "markers": "python_version >= '3.6'",
            "version": "==4.0.1"
        },
        "yarl": {
            "hashes": [
                "sha256:45399b46d60c253327a460e99856752009fcee5f5d3c80b2f7c0cae1c38d56dd",
                "sha256:cc8b7a7254c0fc3187d43d6cb54b5032d2365efd1df0cd1749c0c4df5f0ad45f"
            ],
            "markers": "python_version >= '3.6'",
            "version": "==1.7.2"
        }
    },
    "develop": {}
}
